// !$*UTF8*$!
{
	archiveVersion = 1;
	classes = {
	};
	objectVersion = 50;
	objects = {

/* Begin PBXBuildFile section */
		3DA218A521825EA80001749D /* AppDelegate.swift in Sources */ = {isa = PBXBuildFile; fileRef = 3DA218A421825EA80001749D /* AppDelegate.swift */; };
		3DA218A721825EA80001749D /* MapVC.swift in Sources */ = {isa = PBXBuildFile; fileRef = 3DA218A621825EA80001749D /* MapVC.swift */; };
		3DA218AA21825EA80001749D /* Main.storyboard in Resources */ = {isa = PBXBuildFile; fileRef = 3DA218A821825EA80001749D /* Main.storyboard */; };
		3DA218AC21825EA90001749D /* Assets.xcassets in Resources */ = {isa = PBXBuildFile; fileRef = 3DA218AB21825EA90001749D /* Assets.xcassets */; };
		3DA218AF21825EA90001749D /* LaunchScreen.storyboard in Resources */ = {isa = PBXBuildFile; fileRef = 3DA218AD21825EA90001749D /* LaunchScreen.storyboard */; };
		3DE25219218D10EE00406E81 /* DroppablePin.swift in Sources */ = {isa = PBXBuildFile; fileRef = 3DE25218218D10EE00406E81 /* DroppablePin.swift */; };
		91A43DB3FFB7FAAE57384013 /* Pods_mapsProject.framework in Frameworks */ = {isa = PBXBuildFile; fileRef = 93F39D587519DF66E6A53BAB /* Pods_mapsProject.framework */; };
/* End PBXBuildFile section */

/* Begin PBXFileReference section */
		05CB68EED1C4FF87E6C79644 /* Pods-mapsProject.debug.xcconfig */ = {isa = PBXFileReference; includeInIndex = 1; lastKnownFileType = text.xcconfig; name = "Pods-mapsProject.debug.xcconfig"; path = "Pods/Target Support Files/Pods-mapsProject/Pods-mapsProject.debug.xcconfig"; sourceTree = "<group>"; };
		10B90A23D0F93293F7E24EF8 /* Pods-mapsProject.release.xcconfig */ = {isa = PBXFileReference; includeInIndex = 1; lastKnownFileType = text.xcconfig; name = "Pods-mapsProject.release.xcconfig"; path = "Pods/Target Support Files/Pods-mapsProject/Pods-mapsProject.release.xcconfig"; sourceTree = "<group>"; };
		3DA218A121825EA80001749D /* mapsProject.app */ = {isa = PBXFileReference; explicitFileType = wrapper.application; includeInIndex = 0; path = mapsProject.app; sourceTree = BUILT_PRODUCTS_DIR; };
		3DA218A421825EA80001749D /* AppDelegate.swift */ = {isa = PBXFileReference; lastKnownFileType = sourcecode.swift; path = AppDelegate.swift; sourceTree = "<group>"; };
		3DA218A621825EA80001749D /* MapVC.swift */ = {isa = PBXFileReference; lastKnownFileType = sourcecode.swift; path = MapVC.swift; sourceTree = "<group>"; };
		3DA218A921825EA80001749D /* Base */ = {isa = PBXFileReference; lastKnownFileType = file.storyboard; name = Base; path = Base.lproj/Main.storyboard; sourceTree = "<group>"; };
		3DA218AB21825EA90001749D /* Assets.xcassets */ = {isa = PBXFileReference; lastKnownFileType = folder.assetcatalog; path = Assets.xcassets; sourceTree = "<group>"; };
		3DA218AE21825EA90001749D /* Base */ = {isa = PBXFileReference; lastKnownFileType = file.storyboard; name = Base; path = Base.lproj/LaunchScreen.storyboard; sourceTree = "<group>"; };
		3DA218B021825EA90001749D /* Info.plist */ = {isa = PBXFileReference; lastKnownFileType = text.plist.xml; path = Info.plist; sourceTree = "<group>"; };
		3DE25218218D10EE00406E81 /* DroppablePin.swift */ = {isa = PBXFileReference; lastKnownFileType = sourcecode.swift; path = DroppablePin.swift; sourceTree = "<group>"; };
		93F39D587519DF66E6A53BAB /* Pods_mapsProject.framework */ = {isa = PBXFileReference; explicitFileType = wrapper.framework; includeInIndex = 0; path = Pods_mapsProject.framework; sourceTree = BUILT_PRODUCTS_DIR; };
/* End PBXFileReference section */

/* Begin PBXFrameworksBuildPhase section */
		3DA2189E21825EA80001749D /* Frameworks */ = {
			isa = PBXFrameworksBuildPhase;
			buildActionMask = 2147483647;
			files = (
				91A43DB3FFB7FAAE57384013 /* Pods_mapsProject.framework in Frameworks */,
			);
			runOnlyForDeploymentPostprocessing = 0;
		};
/* End PBXFrameworksBuildPhase section */

/* Begin PBXGroup section */
		08B5D3B099FAEC22632CE532 /* Pods */ = {
			isa = PBXGroup;
			children = (
				05CB68EED1C4FF87E6C79644 /* Pods-mapsProject.debug.xcconfig */,
				10B90A23D0F93293F7E24EF8 /* Pods-mapsProject.release.xcconfig */,
			);
			name = Pods;
			sourceTree = "<group>";
		};
		1B9E72D289F1335989DA9602 /* Frameworks */ = {
			isa = PBXGroup;
			children = (
				93F39D587519DF66E6A53BAB /* Pods_mapsProject.framework */,
			);
			name = Frameworks;
			sourceTree = "<group>";
		};
		3DA2189821825EA80001749D = {
			isa = PBXGroup;
			children = (
				3DA218A321825EA80001749D /* mapsProject */,
				3DA218A221825EA80001749D /* Products */,
				08B5D3B099FAEC22632CE532 /* Pods */,
				1B9E72D289F1335989DA9602 /* Frameworks */,
			);
			sourceTree = "<group>";
		};
		3DA218A221825EA80001749D /* Products */ = {
			isa = PBXGroup;
			children = (
				3DA218A121825EA80001749D /* mapsProject.app */,
			);
			name = Products;
			sourceTree = "<group>";
		};
		3DA218A321825EA80001749D /* mapsProject */ = {
			isa = PBXGroup;
			children = (
				3DA218B921825EF40001749D /* Utilities */,
				3DA218B821825EE80001749D /* Extensions */,
				3DA218B721825EDF0001749D /* View */,
				3DA218B621825ED70001749D /* Controller */,
				3DA218A421825EA80001749D /* AppDelegate.swift */,
				3DA218A621825EA80001749D /* MapVC.swift */,
				3DA218A821825EA80001749D /* Main.storyboard */,
				3DA218AB21825EA90001749D /* Assets.xcassets */,
				3DA218AD21825EA90001749D /* LaunchScreen.storyboard */,
				3DA218B021825EA90001749D /* Info.plist */,
			);
			path = mapsProject;
			sourceTree = "<group>";
		};
		3DA218B621825ED70001749D /* Controller */ = {
			isa = PBXGroup;
			children = (
			);
			path = Controller;
			sourceTree = "<group>";
		};
		3DA218B721825EDF0001749D /* View */ = {
			isa = PBXGroup;
			children = (
				3DE25218218D10EE00406E81 /* DroppablePin.swift */,
			);
			path = View;
			sourceTree = "<group>";
		};
		3DA218B821825EE80001749D /* Extensions */ = {
			isa = PBXGroup;
			children = (
			);
			path = Extensions;
			sourceTree = "<group>";
		};
		3DA218B921825EF40001749D /* Utilities */ = {
			isa = PBXGroup;
			children = (
			);
			path = Utilities;
			sourceTree = "<group>";
		};
/* End PBXGroup section */

/* Begin PBXNativeTarget section */
		3DA218A021825EA80001749D /* mapsProject */ = {
			isa = PBXNativeTarget;
			buildConfigurationList = 3DA218B321825EA90001749D /* Build configuration list for PBXNativeTarget "mapsProject" */;
			buildPhases = (
				C60472C6BA85A7344CA354D1 /* [CP] Check Pods Manifest.lock */,
				3DA2189D21825EA80001749D /* Sources */,
				3DA2189E21825EA80001749D /* Frameworks */,
				3DA2189F21825EA80001749D /* Resources */,
				1243C899CFD9A45EC8A53E21 /* [CP] Embed Pods Frameworks */,
			);
			buildRules = (
			);
			dependencies = (
			);
			name = mapsProject;
			productName = mapsProject;
			productReference = 3DA218A121825EA80001749D /* mapsProject.app */;
			productType = "com.apple.product-type.application";
		};
/* End PBXNativeTarget section */

/* Begin PBXProject section */
		3DA2189921825EA80001749D /* Project object */ = {
			isa = PBXProject;
			attributes = {
				LastSwiftUpdateCheck = 1000;
				LastUpgradeCheck = 1000;
				ORGANIZATIONNAME = "West Kraemer";
				TargetAttributes = {
					3DA218A021825EA80001749D = {
						CreatedOnToolsVersion = 10.0;
					};
				};
			};
			buildConfigurationList = 3DA2189C21825EA80001749D /* Build configuration list for PBXProject "mapsProject" */;
			compatibilityVersion = "Xcode 9.3";
			developmentRegion = en;
			hasScannedForEncodings = 0;
			knownRegions = (
				en,
				Base,
			);
			mainGroup = 3DA2189821825EA80001749D;
			productRefGroup = 3DA218A221825EA80001749D /* Products */;
			projectDirPath = "";
			projectRoot = "";
			targets = (
				3DA218A021825EA80001749D /* mapsProject */,
			);
		};
/* End PBXProject section */

/* Begin PBXResourcesBuildPhase section */
		3DA2189F21825EA80001749D /* Resources */ = {
			isa = PBXResourcesBuildPhase;
			buildActionMask = 2147483647;
			files = (
				3DA218AF21825EA90001749D /* LaunchScreen.storyboard in Resources */,
				3DA218AC21825EA90001749D /* Assets.xcassets in Resources */,
				3DA218AA21825EA80001749D /* Main.storyboard in Resources */,
			);
			runOnlyForDeploymentPostprocessing = 0;
		};
/* End PBXResourcesBuildPhase section */

/* Begin PBXShellScriptBuildPhase section */
		1243C899CFD9A45EC8A53E21 /* [CP] Embed Pods Frameworks */ = {
			isa = PBXShellScriptBuildPhase;
			buildActionMask = 2147483647;
			files = (
			);
			inputPaths = (
				"${SRCROOT}/Pods/Target Support Files/Pods-mapsProject/Pods-mapsProject-frameworks.sh",
				"${BUILT_PRODUCTS_DIR}/Alamofire/Alamofire.framework",
				"${BUILT_PRODUCTS_DIR}/AlamofireImage/AlamofireImage.framework",
			);
			name = "[CP] Embed Pods Frameworks";
			outputPaths = (
				"${TARGET_BUILD_DIR}/${FRAMEWORKS_FOLDER_PATH}/Alamofire.framework",
				"${TARGET_BUILD_DIR}/${FRAMEWORKS_FOLDER_PATH}/AlamofireImage.framework",
			);
			runOnlyForDeploymentPostprocessing = 0;
			shellPath = /bin/sh;
			shellScript = "\"${SRCROOT}/Pods/Target Support Files/Pods-mapsProject/Pods-mapsProject-frameworks.sh\"\n";
			showEnvVarsInLog = 0;
		};
		C60472C6BA85A7344CA354D1 /* [CP] Check Pods Manifest.lock */ = {
			isa = PBXShellScriptBuildPhase;
			buildActionMask = 2147483647;
			files = (
			);
			inputPaths = (
				"${PODS_PODFILE_DIR_PATH}/Podfile.lock",
				"${PODS_ROOT}/Manifest.lock",
			);
			name = "[CP] Check Pods Manifest.lock";
			outputPaths = (
				"$(DERIVED_FILE_DIR)/Pods-mapsProject-checkManifestLockResult.txt",
			);
			runOnlyForDeploymentPostprocessing = 0;
			shellPath = /bin/sh;
			shellScript = "diff \"${PODS_PODFILE_DIR_PATH}/Podfile.lock\" \"${PODS_ROOT}/Manifest.lock\" > /dev/null\nif [ $? != 0 ] ; then\n    # print error to STDERR\n    echo \"error: The sandbox is not in sync with the Podfile.lock. Run 'pod install' or update your CocoaPods installation.\" >&2\n    exit 1\nfi\n# This output is used by Xcode 'outputs' to avoid re-running this script phase.\necho \"SUCCESS\" > \"${SCRIPT_OUTPUT_FILE_0}\"\n";
			showEnvVarsInLog = 0;
		};
/* End PBXShellScriptBuildPhase section */

/* Begin PBXSourcesBuildPhase section */
		3DA2189D21825EA80001749D /* Sources */ = {
			isa = PBXSourcesBuildPhase;
			buildActionMask = 2147483647;
			files = (
				3DA218A721825EA80001749D /* MapVC.swift in Sources */,
				3DE25219218D10EE00406E81 /* DroppablePin.swift in Sources */,
				3DA218A521825EA80001749D /* AppDelegate.swift in Sources */,
			);
			runOnlyForDeploymentPostprocessing = 0;
		};
/* End PBXSourcesBuildPhase section */

/* Begin PBXVariantGroup section */
		3DA218A821825EA80001749D /* Main.storyboard */ = {
			isa = PBXVariantGroup;
			children = (
				3DA218A921825EA80001749D /* Base */,
			);
			name = Main.storyboard;
			sourceTree = "<group>";
		};
		3DA218AD21825EA90001749D /* LaunchScreen.storyboard */ = {
			isa = PBXVariantGroup;
			children = (
				3DA218AE21825EA90001749D /* Base */,
			);
			name = LaunchScreen.storyboard;
			sourceTree = "<group>";
		};
/* End PBXVariantGroup section */

/* Begin XCBuildConfiguration section */
		3DA218B121825EA90001749D /* Debug */ = {
			isa = XCBuildConfiguration;
			buildSettings = {
				ALWAYS_SEARCH_USER_PATHS = NO;
				CLANG_ANALYZER_NONNULL = YES;
				CLANG_ANALYZER_NUMBER_OBJECT_CONVERSION = YES_AGGRESSIVE;
				CLANG_CXX_LANGUAGE_STANDARD = "gnu++14";
				CLANG_CXX_LIBRARY = "libc++";
				CLANG_ENABLE_MODULES = YES;
				CLANG_ENABLE_OBJC_ARC = YES;
				CLANG_ENABLE_OBJC_WEAK = YES;
				CLANG_WARN_BLOCK_CAPTURE_AUTORELEASING = YES;
				CLANG_WARN_BOOL_CONVERSION = YES;
				CLANG_WARN_COMMA = YES;
				CLANG_WARN_CONSTANT_CONVERSION = YES;
				CLANG_WARN_DEPRECATED_OBJC_IMPLEMENTATIONS = YES;
				CLANG_WARN_DIRECT_OBJC_ISA_USAGE = YES_ERROR;
				CLANG_WARN_DOCUMENTATION_COMMENTS = YES;
				CLANG_WARN_EMPTY_BODY = YES;
				CLANG_WARN_ENUM_CONVERSION = YES;
				CLANG_WARN_INFINITE_RECURSION = YES;
				CLANG_WARN_INT_CONVERSION = YES;
				CLANG_WARN_NON_LITERAL_NULL_CONVERSION = YES;
				CLANG_WARN_OBJC_IMPLICIT_RETAIN_SELF = YES;
				CLANG_WARN_OBJC_LITERAL_CONVERSION = YES;
				CLANG_WARN_OBJC_ROOT_CLASS = YES_ERROR;
				CLANG_WARN_RANGE_LOOP_ANALYSIS = YES;
				CLANG_WARN_STRICT_PROTOTYPES = YES;
				CLANG_WARN_SUSPICIOUS_MOVE = YES;
				CLANG_WARN_UNGUARDED_AVAILABILITY = YES_AGGRESSIVE;
				CLANG_WARN_UNREACHABLE_CODE = YES;
				CLANG_WARN__DUPLICATE_METHOD_MATCH = YES;
				CODE_SIGN_IDENTITY = "iPhone Developer";
				COPY_PHASE_STRIP = NO;
				DEBUG_INFORMATION_FORMAT = dwarf;
				ENABLE_STRICT_OBJC_MSGSEND = YES;
				ENABLE_TESTABILITY = YES;
				GCC_C_LANGUAGE_STANDARD = gnu11;
				GCC_DYNAMIC_NO_PIC = NO;
				GCC_NO_COMMON_BLOCKS = YES;
				GCC_OPTIMIZATION_LEVEL = 0;
				GCC_PREPROCESSOR_DEFINITIONS = (
					"DEBUG=1",
					"$(inherited)",
				);
				GCC_WARN_64_TO_32_BIT_CONVERSION = YES;
				GCC_WARN_ABOUT_RETURN_TYPE = YES_ERROR;
				GCC_WARN_UNDECLARED_SELECTOR = YES;
				GCC_WARN_UNINITIALIZED_AUTOS = YES_AGGRESSIVE;
				GCC_WARN_UNUSED_FUNCTION = YES;
				GCC_WARN_UNUSED_VARIABLE = YES;
				IPHONEOS_DEPLOYMENT_TARGET = 12.0;
				MTL_ENABLE_DEBUG_INFO = INCLUDE_SOURCE;
				MTL_FAST_MATH = YES;
				ONLY_ACTIVE_ARCH = YES;
				SDKROOT = iphoneos;
				SWIFT_ACTIVE_COMPILATION_CONDITIONS = DEBUG;
				SWIFT_OPTIMIZATION_LEVEL = "-Onone";
			};
			name = Debug;
		};
		3DA218B221825EA90001749D /* Release */ = {
			isa = XCBuildConfiguration;
			buildSettings = {
				ALWAYS_SEARCH_USER_PATHS = NO;
				CLANG_ANALYZER_NONNULL = YES;
				CLANG_ANALYZER_NUMBER_OBJECT_CONVERSION = YES_AGGRESSIVE;
				CLANG_CXX_LANGUAGE_STANDARD = "gnu++14";
				CLANG_CXX_LIBRARY = "libc++";
				CLANG_ENABLE_MODULES = YES;
				CLANG_ENABLE_OBJC_ARC = YES;
				CLANG_ENABLE_OBJC_WEAK = YES;
				CLANG_WARN_BLOCK_CAPTURE_AUTORELEASING = YES;
				CLANG_WARN_BOOL_CONVERSION = YES;
				CLANG_WARN_COMMA = YES;
				CLANG_WARN_CONSTANT_CONVERSION = YES;
				CLANG_WARN_DEPRECATED_OBJC_IMPLEMENTATIONS = YES;
				CLANG_WARN_DIRECT_OBJC_ISA_USAGE = YES_ERROR;
				CLANG_WARN_DOCUMENTATION_COMMENTS = YES;
				CLANG_WARN_EMPTY_BODY = YES;
				CLANG_WARN_ENUM_CONVERSION = YES;
				CLANG_WARN_INFINITE_RECURSION = YES;
				CLANG_WARN_INT_CONVERSION = YES;
				CLANG_WARN_NON_LITERAL_NULL_CONVERSION = YES;
				CLANG_WARN_OBJC_IMPLICIT_RETAIN_SELF = YES;
				CLANG_WARN_OBJC_LITERAL_CONVERSION = YES;
				CLANG_WARN_OBJC_ROOT_CLASS = YES_ERROR;
				CLANG_WARN_RANGE_LOOP_ANALYSIS = YES;
				CLANG_WARN_STRICT_PROTOTYPES = YES;
				CLANG_WARN_SUSPICIOUS_MOVE = YES;
				CLANG_WARN_UNGUARDED_AVAILABILITY = YES_AGGRESSIVE;
				CLANG_WARN_UNREACHABLE_CODE = YES;
				CLANG_WARN__DUPLICATE_METHOD_MATCH = YES;
				CODE_SIGN_IDENTITY = "iPhone Developer";
				COPY_PHASE_STRIP = NO;
				DEBUG_INFORMATION_FORMAT = "dwarf-with-dsym";
				ENABLE_NS_ASSERTIONS = NO;
				ENABLE_STRICT_OBJC_MSGSEND = YES;
				GCC_C_LANGUAGE_STANDARD = gnu11;
				GCC_NO_COMMON_BLOCKS = YES;
				GCC_WARN_64_TO_32_BIT_CONVERSION = YES;
				GCC_WARN_ABOUT_RETURN_TYPE = YES_ERROR;
				GCC_WARN_UNDECLARED_SELECTOR = YES;
				GCC_WARN_UNINITIALIZED_AUTOS = YES_AGGRESSIVE;
				GCC_WARN_UNUSED_FUNCTION = YES;
				GCC_WARN_UNUSED_VARIABLE = YES;
				IPHONEOS_DEPLOYMENT_TARGET = 12.0;
				MTL_ENABLE_DEBUG_INFO = NO;
				MTL_FAST_MATH = YES;
				SDKROOT = iphoneos;
				SWIFT_COMPILATION_MODE = wholemodule;
				SWIFT_OPTIMIZATION_LEVEL = "-O";
				VALIDATE_PRODUCT = YES;
			};
			name = Release;
		};
		3DA218B421825EA90001749D /* Debug */ = {
			isa = XCBuildConfiguration;
			baseConfigurationReference = 05CB68EED1C4FF87E6C79644 /* Pods-mapsProject.debug.xcconfig */;
			buildSettings = {
				ASSETCATALOG_COMPILER_APPICON_NAME = AppIcon;
				CODE_SIGN_STYLE = Automatic;
				DEVELOPMENT_TEAM = 7LN94YUJ88;
				INFOPLIST_FILE = mapsProject/Info.plist;
				LD_RUNPATH_SEARCH_PATHS = (
					"$(inherited)",
					"@executable_path/Frameworks",
				);
				PRODUCT_BUNDLE_IDENTIFIER = west.mapsProject;
				PRODUCT_NAME = "$(TARGET_NAME)";
				SWIFT_VERSION = 4.2;
				TARGETED_DEVICE_FAMILY = "1,2";
			};
			name = Debug;
		};
		3DA218B521825EA90001749D /* Release */ = {
			isa = XCBuildConfiguration;
			baseConfigurationReference = 10B90A23D0F93293F7E24EF8 /* Pods-mapsProject.release.xcconfig */;
			buildSettings = {
				ASSETCATALOG_COMPILER_APPICON_NAME = AppIcon;
				CODE_SIGN_STYLE = Automatic;
				DEVELOPMENT_TEAM = 7LN94YUJ88;
				INFOPLIST_FILE = mapsProject/Info.plist;
				LD_RUNPATH_SEARCH_PATHS = (
					"$(inherited)",
					"@executable_path/Frameworks",
				);
				PRODUCT_BUNDLE_IDENTIFIER = west.mapsProject;
				PRODUCT_NAME = "$(TARGET_NAME)";
				SWIFT_VERSION = 4.2;
				TARGETED_DEVICE_FAMILY = "1,2";
			};
			name = Release;
		};
/* End XCBuildConfiguration section */

/* Begin XCConfigurationList section */
		3DA2189C21825EA80001749D /* Build configuration list for PBXProject "mapsProject" */ = {
			isa = XCConfigurationList;
			buildConfigurations = (
				3DA218B121825EA90001749D /* Debug */,
				3DA218B221825EA90001749D /* Release */,
			);
			defaultConfigurationIsVisible = 0;
			defaultConfigurationName = Release;
		};
		3DA218B321825EA90001749D /* Build configuration list for PBXNativeTarget "mapsProject" */ = {
			isa = XCConfigurationList;
			buildConfigurations = (
				3DA218B421825EA90001749D /* Debug */,
				3DA218B521825EA90001749D /* Release */,
			);
			defaultConfigurationIsVisible = 0;
			defaultConfigurationName = Release;
		};
/* End XCConfigurationList section */
	};
	rootObject = 3DA2189921825EA80001749D /* Project object */;
}
